// !$*UTF8*$!
{
	archiveVersion = 1;
	classes = {
	};
	objectVersion = 48;
	objects = {

/* Begin PBXBuildFile section */
		1878F00A2067EEB600BEA332 /* AppDelegate.swift in Sources */ = {isa = PBXBuildFile; fileRef = 1878F0092067EEB600BEA332 /* AppDelegate.swift */; };
		1878F00C2067EEB600BEA332 /* DayViewConroller.swift in Sources */ = {isa = PBXBuildFile; fileRef = 1878F00B2067EEB600BEA332 /* DayViewConroller.swift */; };
		1878F00E2067EEB600BEA332 /* WeekViewController.swift in Sources */ = {isa = PBXBuildFile; fileRef = 1878F00D2067EEB600BEA332 /* WeekViewController.swift */; };
		1878F0112067EEB600BEA332 /* Main.storyboard in Resources */ = {isa = PBXBuildFile; fileRef = 1878F00F2067EEB600BEA332 /* Main.storyboard */; };
		1878F0132067EEB600BEA332 /* Assets.xcassets in Resources */ = {isa = PBXBuildFile; fileRef = 1878F0122067EEB600BEA332 /* Assets.xcassets */; };
		1878F0162067EEB600BEA332 /* LaunchScreen.storyboard in Resources */ = {isa = PBXBuildFile; fileRef = 1878F0142067EEB600BEA332 /* LaunchScreen.storyboard */; };
		1878F0212067EEB600BEA332 /* Lifespan_Third_TryTests.swift in Sources */ = {isa = PBXBuildFile; fileRef = 1878F0202067EEB600BEA332 /* Lifespan_Third_TryTests.swift */; };
		1878F02C2067EEB600BEA332 /* Lifespan_Third_TryUITests.swift in Sources */ = {isa = PBXBuildFile; fileRef = 1878F02B2067EEB600BEA332 /* Lifespan_Third_TryUITests.swift */; };
		1878F03A2067F2FB00BEA332 /* YearViewController.swift in Sources */ = {isa = PBXBuildFile; fileRef = 1878F0392067F2FB00BEA332 /* YearViewController.swift */; };
		48E25CA42069B405006BB346 /* ProfileViewController.swift in Sources */ = {isa = PBXBuildFile; fileRef = 48E25CA32069B405006BB346 /* ProfileViewController.swift */; };
		48E25CA62069B647006BB346 /* SharedState.swift in Sources */ = {isa = PBXBuildFile; fileRef = 48E25CA52069B646006BB346 /* SharedState.swift */; };
		48E25CAF2069B846006BB346 /* Lifespan.swift in Sources */ = {isa = PBXBuildFile; fileRef = 48E25CA92069B845006BB346 /* Lifespan.swift */; };
		48E25CB02069B846006BB346 /* WebUtilities.swift in Sources */ = {isa = PBXBuildFile; fileRef = 48E25CAA2069B845006BB346 /* WebUtilities.swift */; };
		48E25CB12069B846006BB346 /* CalendarUtilities.swift in Sources */ = {isa = PBXBuildFile; fileRef = 48E25CAB2069B846006BB346 /* CalendarUtilities.swift */; };
		48E25CB22069B846006BB346 /* UserProfile.swift in Sources */ = {isa = PBXBuildFile; fileRef = 48E25CAC2069B846006BB346 /* UserProfile.swift */; };
		48E25CB32069B846006BB346 /* LifeClock.swift in Sources */ = {isa = PBXBuildFile; fileRef = 48E25CAD2069B846006BB346 /* LifeClock.swift */; };
		48E25CB42069B846006BB346 /* PrettyBackgroundView.swift in Sources */ = {isa = PBXBuildFile; fileRef = 48E25CAE2069B846006BB346 /* PrettyBackgroundView.swift */; };
		48E25CBB2069B88B006BB346 /* ClockView.swift in Sources */ = {isa = PBXBuildFile; fileRef = 48E25CB62069B88B006BB346 /* ClockView.swift */; };
		48E25CBC2069B88B006BB346 /* SecondHandView.swift in Sources */ = {isa = PBXBuildFile; fileRef = 48E25CB72069B88B006BB346 /* SecondHandView.swift */; };
		48E25CBD2069B88B006BB346 /* MinuteHandView.swift in Sources */ = {isa = PBXBuildFile; fileRef = 48E25CB82069B88B006BB346 /* MinuteHandView.swift */; };
		48E25CBE2069B88B006BB346 /* HourHandView.swift in Sources */ = {isa = PBXBuildFile; fileRef = 48E25CB92069B88B006BB346 /* HourHandView.swift */; };
		48E25CBF2069B88B006BB346 /* CoreGraphicsView.swift in Sources */ = {isa = PBXBuildFile; fileRef = 48E25CBA2069B88B006BB346 /* CoreGraphicsView.swift */; };
/* End PBXBuildFile section */

/* Begin PBXContainerItemProxy section */
		1878F01D2067EEB600BEA332 /* PBXContainerItemProxy */ = {
			isa = PBXContainerItemProxy;
			containerPortal = 1878EFFE2067EEB600BEA332 /* Project object */;
			proxyType = 1;
			remoteGlobalIDString = 1878F0052067EEB600BEA332;
			remoteInfo = "Lifespan Third Try";
		};
		1878F0282067EEB600BEA332 /* PBXContainerItemProxy */ = {
			isa = PBXContainerItemProxy;
			containerPortal = 1878EFFE2067EEB600BEA332 /* Project object */;
			proxyType = 1;
			remoteGlobalIDString = 1878F0052067EEB600BEA332;
			remoteInfo = "Lifespan Third Try";
		};
/* End PBXContainerItemProxy section */

/* Begin PBXFileReference section */
		1878F0062067EEB600BEA332 /* Lifespan Third Try.app */ = {isa = PBXFileReference; explicitFileType = wrapper.application; includeInIndex = 0; path = "Lifespan Third Try.app"; sourceTree = BUILT_PRODUCTS_DIR; };
		1878F0092067EEB600BEA332 /* AppDelegate.swift */ = {isa = PBXFileReference; lastKnownFileType = sourcecode.swift; path = AppDelegate.swift; sourceTree = "<group>"; };
		1878F00B2067EEB600BEA332 /* DayViewConroller.swift */ = {isa = PBXFileReference; lastKnownFileType = sourcecode.swift; path = DayViewConroller.swift; sourceTree = "<group>"; };
		1878F00D2067EEB600BEA332 /* WeekViewController.swift */ = {isa = PBXFileReference; lastKnownFileType = sourcecode.swift; path = WeekViewController.swift; sourceTree = "<group>"; };
		1878F0102067EEB600BEA332 /* Base */ = {isa = PBXFileReference; lastKnownFileType = file.storyboard; name = Base; path = Base.lproj/Main.storyboard; sourceTree = "<group>"; };
		1878F0122067EEB600BEA332 /* Assets.xcassets */ = {isa = PBXFileReference; lastKnownFileType = folder.assetcatalog; path = Assets.xcassets; sourceTree = "<group>"; };
		1878F0152067EEB600BEA332 /* Base */ = {isa = PBXFileReference; lastKnownFileType = file.storyboard; name = Base; path = Base.lproj/LaunchScreen.storyboard; sourceTree = "<group>"; };
		1878F0172067EEB600BEA332 /* Info.plist */ = {isa = PBXFileReference; lastKnownFileType = text.plist.xml; path = Info.plist; sourceTree = "<group>"; };
		1878F01C2067EEB600BEA332 /* Lifespan Third TryTests.xctest */ = {isa = PBXFileReference; explicitFileType = wrapper.cfbundle; includeInIndex = 0; path = "Lifespan Third TryTests.xctest"; sourceTree = BUILT_PRODUCTS_DIR; };
		1878F0202067EEB600BEA332 /* Lifespan_Third_TryTests.swift */ = {isa = PBXFileReference; lastKnownFileType = sourcecode.swift; path = Lifespan_Third_TryTests.swift; sourceTree = "<group>"; };
		1878F0222067EEB600BEA332 /* Info.plist */ = {isa = PBXFileReference; lastKnownFileType = text.plist.xml; path = Info.plist; sourceTree = "<group>"; };
		1878F0272067EEB600BEA332 /* Lifespan Third TryUITests.xctest */ = {isa = PBXFileReference; explicitFileType = wrapper.cfbundle; includeInIndex = 0; path = "Lifespan Third TryUITests.xctest"; sourceTree = BUILT_PRODUCTS_DIR; };
		1878F02B2067EEB600BEA332 /* Lifespan_Third_TryUITests.swift */ = {isa = PBXFileReference; lastKnownFileType = sourcecode.swift; path = Lifespan_Third_TryUITests.swift; sourceTree = "<group>"; };
		1878F02D2067EEB600BEA332 /* Info.plist */ = {isa = PBXFileReference; lastKnownFileType = text.plist.xml; path = Info.plist; sourceTree = "<group>"; };
		1878F0392067F2FB00BEA332 /* YearViewController.swift */ = {isa = PBXFileReference; lastKnownFileType = sourcecode.swift; path = YearViewController.swift; sourceTree = "<group>"; };
		48E25CA32069B405006BB346 /* ProfileViewController.swift */ = {isa = PBXFileReference; lastKnownFileType = sourcecode.swift; path = ProfileViewController.swift; sourceTree = "<group>"; };
		48E25CA52069B646006BB346 /* SharedState.swift */ = {isa = PBXFileReference; fileEncoding = 4; lastKnownFileType = sourcecode.swift; path = SharedState.swift; sourceTree = "<group>"; };
		48E25CA92069B845006BB346 /* Lifespan.swift */ = {isa = PBXFileReference; lastKnownFileType = sourcecode.swift; path = Lifespan.swift; sourceTree = "<group>"; };
		48E25CAA2069B845006BB346 /* WebUtilities.swift */ = {isa = PBXFileReference; lastKnownFileType = sourcecode.swift; path = WebUtilities.swift; sourceTree = "<group>"; };
		48E25CAB2069B846006BB346 /* CalendarUtilities.swift */ = {isa = PBXFileReference; lastKnownFileType = sourcecode.swift; path = CalendarUtilities.swift; sourceTree = "<group>"; };
		48E25CAC2069B846006BB346 /* UserProfile.swift */ = {isa = PBXFileReference; lastKnownFileType = sourcecode.swift; path = UserProfile.swift; sourceTree = "<group>"; };
		48E25CAD2069B846006BB346 /* LifeClock.swift */ = {isa = PBXFileReference; lastKnownFileType = sourcecode.swift; path = LifeClock.swift; sourceTree = "<group>"; };
		48E25CAE2069B846006BB346 /* PrettyBackgroundView.swift */ = {isa = PBXFileReference; lastKnownFileType = sourcecode.swift; path = PrettyBackgroundView.swift; sourceTree = "<group>"; };
		48E25CB62069B88B006BB346 /* ClockView.swift */ = {isa = PBXFileReference; lastKnownFileType = sourcecode.swift; path = ClockView.swift; sourceTree = "<group>"; };
		48E25CB72069B88B006BB346 /* SecondHandView.swift */ = {isa = PBXFileReference; lastKnownFileType = sourcecode.swift; path = SecondHandView.swift; sourceTree = "<group>"; };
		48E25CB82069B88B006BB346 /* MinuteHandView.swift */ = {isa = PBXFileReference; lastKnownFileType = sourcecode.swift; path = MinuteHandView.swift; sourceTree = "<group>"; };
		48E25CB92069B88B006BB346 /* HourHandView.swift */ = {isa = PBXFileReference; lastKnownFileType = sourcecode.swift; path = HourHandView.swift; sourceTree = "<group>"; };
		48E25CBA2069B88B006BB346 /* CoreGraphicsView.swift */ = {isa = PBXFileReference; lastKnownFileType = sourcecode.swift; path = CoreGraphicsView.swift; sourceTree = "<group>"; };
/* End PBXFileReference section */

/* Begin PBXFrameworksBuildPhase section */
		1878F0032067EEB600BEA332 /* Frameworks */ = {
			isa = PBXFrameworksBuildPhase;
			buildActionMask = 2147483647;
			files = (
			);
			runOnlyForDeploymentPostprocessing = 0;
		};
		1878F0192067EEB600BEA332 /* Frameworks */ = {
			isa = PBXFrameworksBuildPhase;
			buildActionMask = 2147483647;
			files = (
			);
			runOnlyForDeploymentPostprocessing = 0;
		};
		1878F0242067EEB600BEA332 /* Frameworks */ = {
			isa = PBXFrameworksBuildPhase;
			buildActionMask = 2147483647;
			files = (
			);
			runOnlyForDeploymentPostprocessing = 0;
		};
/* End PBXFrameworksBuildPhase section */

/* Begin PBXGroup section */
		1878EFFD2067EEB600BEA332 = {
			isa = PBXGroup;
			children = (
				1878F0082067EEB600BEA332 /* Lifespan Third Try */,
				1878F01F2067EEB600BEA332 /* Lifespan Third TryTests */,
				1878F02A2067EEB600BEA332 /* Lifespan Third TryUITests */,
				1878F0072067EEB600BEA332 /* Products */,
			);
			sourceTree = "<group>";
		};
		1878F0072067EEB600BEA332 /* Products */ = {
			isa = PBXGroup;
			children = (
				1878F0062067EEB600BEA332 /* Lifespan Third Try.app */,
				1878F01C2067EEB600BEA332 /* Lifespan Third TryTests.xctest */,
				1878F0272067EEB600BEA332 /* Lifespan Third TryUITests.xctest */,
			);
			name = Products;
			sourceTree = "<group>";
		};
		1878F0082067EEB600BEA332 /* Lifespan Third Try */ = {
			isa = PBXGroup;
			children = (
				48E25CB52069B85B006BB346 /* Lifespan Classes */,
				48E25CA02069B261006BB346 /* View Controllers */,
				48E25CC02069B8A1006BB346 /* Core Graphics Views */,
				1878F00F2067EEB600BEA332 /* Main.storyboard */,
				1878F0092067EEB600BEA332 /* AppDelegate.swift */,
				1878F0122067EEB600BEA332 /* Assets.xcassets */,
				1878F0142067EEB600BEA332 /* LaunchScreen.storyboard */,
				1878F0172067EEB600BEA332 /* Info.plist */,
			);
			path = "Lifespan Third Try";
			sourceTree = "<group>";
		};
		1878F01F2067EEB600BEA332 /* Lifespan Third TryTests */ = {
			isa = PBXGroup;
			children = (
				1878F0202067EEB600BEA332 /* Lifespan_Third_TryTests.swift */,
				1878F0222067EEB600BEA332 /* Info.plist */,
			);
			path = "Lifespan Third TryTests";
			sourceTree = "<group>";
		};
		1878F02A2067EEB600BEA332 /* Lifespan Third TryUITests */ = {
			isa = PBXGroup;
			children = (
				1878F02B2067EEB600BEA332 /* Lifespan_Third_TryUITests.swift */,
				1878F02D2067EEB600BEA332 /* Info.plist */,
			);
			path = "Lifespan Third TryUITests";
			sourceTree = "<group>";
		};
		48E25CA02069B261006BB346 /* View Controllers */ = {
			isa = PBXGroup;
			children = (
				1878F00B2067EEB600BEA332 /* DayViewConroller.swift */,
				1878F00D2067EEB600BEA332 /* WeekViewController.swift */,
				1878F0392067F2FB00BEA332 /* YearViewController.swift */,
				48E25CA32069B405006BB346 /* ProfileViewController.swift */,
			);
			path = "View Controllers";
			sourceTree = "<group>";
		};
		48E25CB52069B85B006BB346 /* Lifespan Classes */ = {
			isa = PBXGroup;
			children = (
				48E25CA52069B646006BB346 /* SharedState.swift */,
				48E25CAA2069B845006BB346 /* WebUtilities.swift */,
				48E25CAC2069B846006BB346 /* UserProfile.swift */,
				48E25CAE2069B846006BB346 /* PrettyBackgroundView.swift */,
				48E25CA92069B845006BB346 /* Lifespan.swift */,
				48E25CAD2069B846006BB346 /* LifeClock.swift */,
				48E25CAB2069B846006BB346 /* CalendarUtilities.swift */,
			);
			name = "Lifespan Classes";
			sourceTree = "<group>";
		};
		48E25CC02069B8A1006BB346 /* Core Graphics Views */ = {
			isa = PBXGroup;
			children = (
				48E25CB62069B88B006BB346 /* ClockView.swift */,
				48E25CBA2069B88B006BB346 /* CoreGraphicsView.swift */,
				48E25CB92069B88B006BB346 /* HourHandView.swift */,
				48E25CB82069B88B006BB346 /* MinuteHandView.swift */,
				48E25CB72069B88B006BB346 /* SecondHandView.swift */,
			);
			path = "Core Graphics Views";
			sourceTree = "<group>";
		};
/* End PBXGroup section */

/* Begin PBXNativeTarget section */
		1878F0052067EEB600BEA332 /* Lifespan Third Try */ = {
			isa = PBXNativeTarget;
			buildConfigurationList = 1878F0302067EEB600BEA332 /* Build configuration list for PBXNativeTarget "Lifespan Third Try" */;
			buildPhases = (
				1878F0022067EEB600BEA332 /* Sources */,
				1878F0032067EEB600BEA332 /* Frameworks */,
				1878F0042067EEB600BEA332 /* Resources */,
			);
			buildRules = (
			);
			dependencies = (
			);
			name = "Lifespan Third Try";
			productName = "Lifespan Third Try";
			productReference = 1878F0062067EEB600BEA332 /* Lifespan Third Try.app */;
			productType = "com.apple.product-type.application";
		};
		1878F01B2067EEB600BEA332 /* Lifespan Third TryTests */ = {
			isa = PBXNativeTarget;
			buildConfigurationList = 1878F0332067EEB600BEA332 /* Build configuration list for PBXNativeTarget "Lifespan Third TryTests" */;
			buildPhases = (
				1878F0182067EEB600BEA332 /* Sources */,
				1878F0192067EEB600BEA332 /* Frameworks */,
				1878F01A2067EEB600BEA332 /* Resources */,
			);
			buildRules = (
			);
			dependencies = (
				1878F01E2067EEB600BEA332 /* PBXTargetDependency */,
			);
			name = "Lifespan Third TryTests";
			productName = "Lifespan Third TryTests";
			productReference = 1878F01C2067EEB600BEA332 /* Lifespan Third TryTests.xctest */;
			productType = "com.apple.product-type.bundle.unit-test";
		};
		1878F0262067EEB600BEA332 /* Lifespan Third TryUITests */ = {
			isa = PBXNativeTarget;
			buildConfigurationList = 1878F0362067EEB600BEA332 /* Build configuration list for PBXNativeTarget "Lifespan Third TryUITests" */;
			buildPhases = (
				1878F0232067EEB600BEA332 /* Sources */,
				1878F0242067EEB600BEA332 /* Frameworks */,
				1878F0252067EEB600BEA332 /* Resources */,
			);
			buildRules = (
			);
			dependencies = (
				1878F0292067EEB600BEA332 /* PBXTargetDependency */,
			);
			name = "Lifespan Third TryUITests";
			productName = "Lifespan Third TryUITests";
			productReference = 1878F0272067EEB600BEA332 /* Lifespan Third TryUITests.xctest */;
			productType = "com.apple.product-type.bundle.ui-testing";
		};
/* End PBXNativeTarget section */

/* Begin PBXProject section */
		1878EFFE2067EEB600BEA332 /* Project object */ = {
			isa = PBXProject;
			attributes = {
				LastSwiftUpdateCheck = 0920;
				LastUpgradeCheck = 0930;
				ORGANIZATIONNAME = jpavley12;
				TargetAttributes = {
					1878F0052067EEB600BEA332 = {
						CreatedOnToolsVersion = 9.2;
						ProvisioningStyle = Automatic;
					};
					1878F01B2067EEB600BEA332 = {
						CreatedOnToolsVersion = 9.2;
						ProvisioningStyle = Automatic;
						TestTargetID = 1878F0052067EEB600BEA332;
					};
					1878F0262067EEB600BEA332 = {
						CreatedOnToolsVersion = 9.2;
						ProvisioningStyle = Automatic;
						TestTargetID = 1878F0052067EEB600BEA332;
					};
				};
			};
			buildConfigurationList = 1878F0012067EEB600BEA332 /* Build configuration list for PBXProject "Lifespan Third Try" */;
			compatibilityVersion = "Xcode 8.0";
			developmentRegion = en;
			hasScannedForEncodings = 0;
			knownRegions = (
				en,
				Base,
			);
			mainGroup = 1878EFFD2067EEB600BEA332;
			productRefGroup = 1878F0072067EEB600BEA332 /* Products */;
			projectDirPath = "";
			projectRoot = "";
			targets = (
				1878F0052067EEB600BEA332 /* Lifespan Third Try */,
				1878F01B2067EEB600BEA332 /* Lifespan Third TryTests */,
				1878F0262067EEB600BEA332 /* Lifespan Third TryUITests */,
			);
		};
/* End PBXProject section */

/* Begin PBXResourcesBuildPhase section */
		1878F0042067EEB600BEA332 /* Resources */ = {
			isa = PBXResourcesBuildPhase;
			buildActionMask = 2147483647;
			files = (
				1878F0162067EEB600BEA332 /* LaunchScreen.storyboard in Resources */,
				1878F0132067EEB600BEA332 /* Assets.xcassets in Resources */,
				1878F0112067EEB600BEA332 /* Main.storyboard in Resources */,
			);
			runOnlyForDeploymentPostprocessing = 0;
		};
		1878F01A2067EEB600BEA332 /* Resources */ = {
			isa = PBXResourcesBuildPhase;
			buildActionMask = 2147483647;
			files = (
			);
			runOnlyForDeploymentPostprocessing = 0;
		};
		1878F0252067EEB600BEA332 /* Resources */ = {
			isa = PBXResourcesBuildPhase;
			buildActionMask = 2147483647;
			files = (
			);
			runOnlyForDeploymentPostprocessing = 0;
		};
/* End PBXResourcesBuildPhase section */

/* Begin PBXSourcesBuildPhase section */
		1878F0022067EEB600BEA332 /* Sources */ = {
			isa = PBXSourcesBuildPhase;
			buildActionMask = 2147483647;
			files = (
				48E25CBF2069B88B006BB346 /* CoreGraphicsView.swift in Sources */,
				48E25CAF2069B846006BB346 /* Lifespan.swift in Sources */,
				48E25CBE2069B88B006BB346 /* HourHandView.swift in Sources */,
				48E25CBD2069B88B006BB346 /* MinuteHandView.swift in Sources */,
				48E25CA62069B647006BB346 /* SharedState.swift in Sources */,
				48E25CB22069B846006BB346 /* UserProfile.swift in Sources */,
				48E25CB32069B846006BB346 /* LifeClock.swift in Sources */,
				48E25CB42069B846006BB346 /* PrettyBackgroundView.swift in Sources */,
				1878F00E2067EEB600BEA332 /* WeekViewController.swift in Sources */,
				1878F00A2067EEB600BEA332 /* AppDelegate.swift in Sources */,
				48E25CB12069B846006BB346 /* CalendarUtilities.swift in Sources */,
				48E25CA42069B405006BB346 /* ProfileViewController.swift in Sources */,
				1878F03A2067F2FB00BEA332 /* YearViewController.swift in Sources */,
				48E25CBB2069B88B006BB346 /* ClockView.swift in Sources */,
				48E25CBC2069B88B006BB346 /* SecondHandView.swift in Sources */,
				1878F00C2067EEB600BEA332 /* DayViewConroller.swift in Sources */,
				48E25CB02069B846006BB346 /* WebUtilities.swift in Sources */,
			);
			runOnlyForDeploymentPostprocessing = 0;
		};
		1878F0182067EEB600BEA332 /* Sources */ = {
			isa = PBXSourcesBuildPhase;
			buildActionMask = 2147483647;
			files = (
				1878F0212067EEB600BEA332 /* Lifespan_Third_TryTests.swift in Sources */,
			);
			runOnlyForDeploymentPostprocessing = 0;
		};
		1878F0232067EEB600BEA332 /* Sources */ = {
			isa = PBXSourcesBuildPhase;
			buildActionMask = 2147483647;
			files = (
				1878F02C2067EEB600BEA332 /* Lifespan_Third_TryUITests.swift in Sources */,
			);
			runOnlyForDeploymentPostprocessing = 0;
		};
/* End PBXSourcesBuildPhase section */

/* Begin PBXTargetDependency section */
		1878F01E2067EEB600BEA332 /* PBXTargetDependency */ = {
			isa = PBXTargetDependency;
			target = 1878F0052067EEB600BEA332 /* Lifespan Third Try */;
			targetProxy = 1878F01D2067EEB600BEA332 /* PBXContainerItemProxy */;
		};
		1878F0292067EEB600BEA332 /* PBXTargetDependency */ = {
			isa = PBXTargetDependency;
			target = 1878F0052067EEB600BEA332 /* Lifespan Third Try */;
			targetProxy = 1878F0282067EEB600BEA332 /* PBXContainerItemProxy */;
		};
/* End PBXTargetDependency section */

/* Begin PBXVariantGroup section */
		1878F00F2067EEB600BEA332 /* Main.storyboard */ = {
			isa = PBXVariantGroup;
			children = (
				1878F0102067EEB600BEA332 /* Base */,
			);
			name = Main.storyboard;
			sourceTree = "<group>";
		};
		1878F0142067EEB600BEA332 /* LaunchScreen.storyboard */ = {
			isa = PBXVariantGroup;
			children = (
				1878F0152067EEB600BEA332 /* Base */,
			);
			name = LaunchScreen.storyboard;
			sourceTree = "<group>";
		};
/* End PBXVariantGroup section */

/* Begin XCBuildConfiguration section */
		1878F02E2067EEB600BEA332 /* Debug */ = {
			isa = XCBuildConfiguration;
			buildSettings = {
				ALWAYS_SEARCH_USER_PATHS = NO;
				CLANG_ANALYZER_NONNULL = YES;
				CLANG_ANALYZER_NUMBER_OBJECT_CONVERSION = YES_AGGRESSIVE;
				CLANG_CXX_LANGUAGE_STANDARD = "gnu++14";
				CLANG_CXX_LIBRARY = "libc++";
				CLANG_ENABLE_MODULES = YES;
				CLANG_ENABLE_OBJC_ARC = YES;
				CLANG_WARN_BLOCK_CAPTURE_AUTORELEASING = YES;
				CLANG_WARN_BOOL_CONVERSION = YES;
				CLANG_WARN_COMMA = YES;
				CLANG_WARN_CONSTANT_CONVERSION = YES;
				CLANG_WARN_DEPRECATED_OBJC_IMPLEMENTATIONS = YES;
				CLANG_WARN_DIRECT_OBJC_ISA_USAGE = YES_ERROR;
				CLANG_WARN_DOCUMENTATION_COMMENTS = YES;
				CLANG_WARN_EMPTY_BODY = YES;
				CLANG_WARN_ENUM_CONVERSION = YES;
				CLANG_WARN_INFINITE_RECURSION = YES;
				CLANG_WARN_INT_CONVERSION = YES;
				CLANG_WARN_NON_LITERAL_NULL_CONVERSION = YES;
				CLANG_WARN_OBJC_IMPLICIT_RETAIN_SELF = YES;
				CLANG_WARN_OBJC_LITERAL_CONVERSION = YES;
				CLANG_WARN_OBJC_ROOT_CLASS = YES_ERROR;
				CLANG_WARN_RANGE_LOOP_ANALYSIS = YES;
				CLANG_WARN_STRICT_PROTOTYPES = YES;
				CLANG_WARN_SUSPICIOUS_MOVE = YES;
				CLANG_WARN_UNGUARDED_AVAILABILITY = YES_AGGRESSIVE;
				CLANG_WARN_UNREACHABLE_CODE = YES;
				CLANG_WARN__DUPLICATE_METHOD_MATCH = YES;
				CODE_SIGN_IDENTITY = "iPhone Developer";
				COPY_PHASE_STRIP = NO;
				DEBUG_INFORMATION_FORMAT = dwarf;
				ENABLE_STRICT_OBJC_MSGSEND = YES;
				ENABLE_TESTABILITY = YES;
				GCC_C_LANGUAGE_STANDARD = gnu11;
				GCC_DYNAMIC_NO_PIC = NO;
				GCC_NO_COMMON_BLOCKS = YES;
				GCC_OPTIMIZATION_LEVEL = 0;
				GCC_PREPROCESSOR_DEFINITIONS = (
					"DEBUG=1",
					"$(inherited)",
				);
				GCC_WARN_64_TO_32_BIT_CONVERSION = YES;
				GCC_WARN_ABOUT_RETURN_TYPE = YES_ERROR;
				GCC_WARN_UNDECLARED_SELECTOR = YES;
				GCC_WARN_UNINITIALIZED_AUTOS = YES_AGGRESSIVE;
				GCC_WARN_UNUSED_FUNCTION = YES;
				GCC_WARN_UNUSED_VARIABLE = YES;
				IPHONEOS_DEPLOYMENT_TARGET = 11.2;
				MTL_ENABLE_DEBUG_INFO = YES;
				ONLY_ACTIVE_ARCH = YES;
				SDKROOT = iphoneos;
				SWIFT_ACTIVE_COMPILATION_CONDITIONS = DEBUG;
				SWIFT_OPTIMIZATION_LEVEL = "-Onone";
			};
			name = Debug;
		};
		1878F02F2067EEB600BEA332 /* Release */ = {
			isa = XCBuildConfiguration;
			buildSettings = {
				ALWAYS_SEARCH_USER_PATHS = NO;
				CLANG_ANALYZER_NONNULL = YES;
				CLANG_ANALYZER_NUMBER_OBJECT_CONVERSION = YES_AGGRESSIVE;
				CLANG_CXX_LANGUAGE_STANDARD = "gnu++14";
				CLANG_CXX_LIBRARY = "libc++";
				CLANG_ENABLE_MODULES = YES;
				CLANG_ENABLE_OBJC_ARC = YES;
				CLANG_WARN_BLOCK_CAPTURE_AUTORELEASING = YES;
				CLANG_WARN_BOOL_CONVERSION = YES;
				CLANG_WARN_COMMA = YES;
				CLANG_WARN_CONSTANT_CONVERSION = YES;
				CLANG_WARN_DEPRECATED_OBJC_IMPLEMENTATIONS = YES;
				CLANG_WARN_DIRECT_OBJC_ISA_USAGE = YES_ERROR;
				CLANG_WARN_DOCUMENTATION_COMMENTS = YES;
				CLANG_WARN_EMPTY_BODY = YES;
				CLANG_WARN_ENUM_CONVERSION = YES;
				CLANG_WARN_INFINITE_RECURSION = YES;
				CLANG_WARN_INT_CONVERSION = YES;
				CLANG_WARN_NON_LITERAL_NULL_CONVERSION = YES;
				CLANG_WARN_OBJC_IMPLICIT_RETAIN_SELF = YES;
				CLANG_WARN_OBJC_LITERAL_CONVERSION = YES;
				CLANG_WARN_OBJC_ROOT_CLASS = YES_ERROR;
				CLANG_WARN_RANGE_LOOP_ANALYSIS = YES;
				CLANG_WARN_STRICT_PROTOTYPES = YES;
				CLANG_WARN_SUSPICIOUS_MOVE = YES;
				CLANG_WARN_UNGUARDED_AVAILABILITY = YES_AGGRESSIVE;
				CLANG_WARN_UNREACHABLE_CODE = YES;
				CLANG_WARN__DUPLICATE_METHOD_MATCH = YES;
				CODE_SIGN_IDENTITY = "iPhone Developer";
				COPY_PHASE_STRIP = NO;
				DEBUG_INFORMATION_FORMAT = "dwarf-with-dsym";
				ENABLE_NS_ASSERTIONS = NO;
				ENABLE_STRICT_OBJC_MSGSEND = YES;
				GCC_C_LANGUAGE_STANDARD = gnu11;
				GCC_NO_COMMON_BLOCKS = YES;
				GCC_WARN_64_TO_32_BIT_CONVERSION = YES;
				GCC_WARN_ABOUT_RETURN_TYPE = YES_ERROR;
				GCC_WARN_UNDECLARED_SELECTOR = YES;
				GCC_WARN_UNINITIALIZED_AUTOS = YES_AGGRESSIVE;
				GCC_WARN_UNUSED_FUNCTION = YES;
				GCC_WARN_UNUSED_VARIABLE = YES;
				IPHONEOS_DEPLOYMENT_TARGET = 11.2;
				MTL_ENABLE_DEBUG_INFO = NO;
				SDKROOT = iphoneos;
				SWIFT_OPTIMIZATION_LEVEL = "-Owholemodule";
				VALIDATE_PRODUCT = YES;
			};
			name = Release;
		};
		1878F0312067EEB600BEA332 /* Debug */ = {
			isa = XCBuildConfiguration;
			buildSettings = {
				ASSETCATALOG_COMPILER_APPICON_NAME = AppIcon;
				CODE_SIGN_STYLE = Automatic;
				DEVELOPMENT_TEAM = QZ7SMYA7GB;
				INFOPLIST_FILE = "Lifespan Third Try/Info.plist";
				LD_RUNPATH_SEARCH_PATHS = "$(inherited) @executable_path/Frameworks";
				PRODUCT_BUNDLE_IDENTIFIER = "Epic-Loot.Lifespan-Third-Try";
				PRODUCT_NAME = "$(TARGET_NAME)";
				SWIFT_VERSION = 4.0;
				TARGETED_DEVICE_FAMILY = "1,2";
			};
			name = Debug;
		};
		1878F0322067EEB600BEA332 /* Release */ = {
			isa = XCBuildConfiguration;
			buildSettings = {
				ASSETCATALOG_COMPILER_APPICON_NAME = AppIcon;
				CODE_SIGN_STYLE = Automatic;
				DEVELOPMENT_TEAM = QZ7SMYA7GB;
				INFOPLIST_FILE = "Lifespan Third Try/Info.plist";
				LD_RUNPATH_SEARCH_PATHS = "$(inherited) @executable_path/Frameworks";
				PRODUCT_BUNDLE_IDENTIFIER = "Epic-Loot.Lifespan-Third-Try";
				PRODUCT_NAME = "$(TARGET_NAME)";
				SWIFT_VERSION = 4.0;
				TARGETED_DEVICE_FAMILY = "1,2";
			};
			name = Release;
		};
		1878F0342067EEB600BEA332 /* Debug */ = {
			isa = XCBuildConfiguration;
			buildSettings = {
				ALWAYS_EMBED_SWIFT_STANDARD_LIBRARIES = YES;
				BUNDLE_LOADER = "$(TEST_HOST)";
				CODE_SIGN_STYLE = Automatic;
				DEVELOPMENT_TEAM = QZ7SMYA7GB;
				INFOPLIST_FILE = "Lifespan Third TryTests/Info.plist";
				LD_RUNPATH_SEARCH_PATHS = "$(inherited) @executable_path/Frameworks @loader_path/Frameworks";
				PRODUCT_BUNDLE_IDENTIFIER = "Epic-Loot.Lifespan-Third-TryTests";
				PRODUCT_NAME = "$(TARGET_NAME)";
				SWIFT_VERSION = 4.0;
				TARGETED_DEVICE_FAMILY = "1,2";
				TEST_HOST = "$(BUILT_PRODUCTS_DIR)/Lifespan Third Try.app/Lifespan Third Try";
			};
			name = Debug;
		};
		1878F0352067EEB600BEA332 /* Release */ = {
			isa = XCBuildConfiguration;
			buildSettings = {
				ALWAYS_EMBED_SWIFT_STANDARD_LIBRARIES = YES;
				BUNDLE_LOADER = "$(TEST_HOST)";
				CODE_SIGN_STYLE = Automatic;
				DEVELOPMENT_TEAM = QZ7SMYA7GB;
				INFOPLIST_FILE = "Lifespan Third TryTests/Info.plist";
				LD_RUNPATH_SEARCH_PATHS = "$(inherited) @executable_path/Frameworks @loader_path/Frameworks";
				PRODUCT_BUNDLE_IDENTIFIER = "Epic-Loot.Lifespan-Third-TryTests";
				PRODUCT_NAME = "$(TARGET_NAME)";
				SWIFT_VERSION = 4.0;
				TARGETED_DEVICE_FAMILY = "1,2";
				TEST_HOST = "$(BUILT_PRODUCTS_DIR)/Lifespan Third Try.app/Lifespan Third Try";
			};
			name = Release;
		};
		1878F0372067EEB600BEA332 /* Debug */ = {
			isa = XCBuildConfiguration;
			buildSettings = {
				ALWAYS_EMBED_SWIFT_STANDARD_LIBRARIES = YES;
				CODE_SIGN_STYLE = Automatic;
				DEVELOPMENT_TEAM = QZ7SMYA7GB;
				INFOPLIST_FILE = "Lifespan Third TryUITests/Info.plist";
				LD_RUNPATH_SEARCH_PATHS = "$(inherited) @executable_path/Frameworks @loader_path/Frameworks";
				PRODUCT_BUNDLE_IDENTIFIER = "Epic-Loot.Lifespan-Third-TryUITests";
				PRODUCT_NAME = "$(TARGET_NAME)";
				SWIFT_VERSION = 4.0;
				TARGETED_DEVICE_FAMILY = "1,2";
				TEST_TARGET_NAME = "Lifespan Third Try";
			};
			name = Debug;
		};
		1878F0382067EEB600BEA332 /* Release */ = {
			isa = XCBuildConfiguration;
			buildSettings = {
				ALWAYS_EMBED_SWIFT_STANDARD_LIBRARIES = YES;
				CODE_SIGN_STYLE = Automatic;
				DEVELOPMENT_TEAM = QZ7SMYA7GB;
				INFOPLIST_FILE = "Lifespan Third TryUITests/Info.plist";
				LD_RUNPATH_SEARCH_PATHS = "$(inherited) @executable_path/Frameworks @loader_path/Frameworks";
				PRODUCT_BUNDLE_IDENTIFIER = "Epic-Loot.Lifespan-Third-TryUITests";
				PRODUCT_NAME = "$(TARGET_NAME)";
				SWIFT_VERSION = 4.0;
				TARGETED_DEVICE_FAMILY = "1,2";
				TEST_TARGET_NAME = "Lifespan Third Try";
			};
			name = Release;
		};
/* End XCBuildConfiguration section */

/* Begin XCConfigurationList section */
		1878F0012067EEB600BEA332 /* Build configuration list for PBXProject "Lifespan Third Try" */ = {
			isa = XCConfigurationList;
			buildConfigurations = (
				1878F02E2067EEB600BEA332 /* Debug */,
				1878F02F2067EEB600BEA332 /* Release */,
			);
			defaultConfigurationIsVisible = 0;
			defaultConfigurationName = Release;
		};
		1878F0302067EEB600BEA332 /* Build configuration list for PBXNativeTarget "Lifespan Third Try" */ = {
			isa = XCConfigurationList;
			buildConfigurations = (
				1878F0312067EEB600BEA332 /* Debug */,
				1878F0322067EEB600BEA332 /* Release */,
			);
			defaultConfigurationIsVisible = 0;
			defaultConfigurationName = Release;
		};
		1878F0332067EEB600BEA332 /* Build configuration list for PBXNativeTarget "Lifespan Third TryTests" */ = {
			isa = XCConfigurationList;
			buildConfigurations = (
				1878F0342067EEB600BEA332 /* Debug */,
				1878F0352067EEB600BEA332 /* Release */,
			);
			defaultConfigurationIsVisible = 0;
			defaultConfigurationName = Release;
		};
		1878F0362067EEB600BEA332 /* Build configuration list for PBXNativeTarget "Lifespan Third TryUITests" */ = {
			isa = XCConfigurationList;
			buildConfigurations = (
				1878F0372067EEB600BEA332 /* Debug */,
				1878F0382067EEB600BEA332 /* Release */,
			);
			defaultConfigurationIsVisible = 0;
			defaultConfigurationName = Release;
		};
/* End XCConfigurationList section */
	};
	rootObject = 1878EFFE2067EEB600BEA332 /* Project object */;
}
